
Microsoft Visual Studio Solution File, Format Version 12.00
# Visual Studio Version 16
VisualStudioVersion = 16.0.29411.108
MinimumVisualStudioVersion = 10.0.40219.1
Project("{2150E333-8FDC-42A3-9474-1A3956D46DE8}") = "src", "src", "{4D21ABB8-74CA-4E7E-AB80-06BA0AF3DE7E}"
EndProject
Project("{2150E333-8FDC-42A3-9474-1A3956D46DE8}") = "Modules", "Modules", "{EEA56A95-B188-4C3B-9A2B-DBA85DFCCFD6}"
EndProject
Project("{2150E333-8FDC-42A3-9474-1A3956D46DE8}") = "Common", "Common", "{3F63A978-76BD-4291-AAE3-119DACC92F7A}"
EndProject
Project("{2150E333-8FDC-42A3-9474-1A3956D46DE8}") = "Themes", "Themes", "{4CB9C839-4ADE-48CD-946F-23CA74C3A040}"
EndProject
Project("{2150E333-8FDC-42A3-9474-1A3956D46DE8}") = "Core", "Core", "{50D9C78C-F5AD-448C-96C0-0B448E2FF139}"
EndProject
Project("{9A19103F-16F7-4668-BE54-9A1E7A4F7556}") = "Uptime.Theme", "src\Themes\Uptime.Theme\Uptime.Theme.csproj", "{B5C9183B-AADB-4304-A444-15178476386C}"
EndProject
Project("{9A19103F-16F7-4668-BE54-9A1E7A4F7556}") = "Helpers", "src\Common\Helpers\Helpers.csproj", "{DB512571-FEE0-4EE0-81ED-4A75C5943193}"
EndProject
Project("{9A19103F-16F7-4668-BE54-9A1E7A4F7556}") = "Admin.Web", "src\Modules\Admin.Web\Admin.Web.csproj", "{C6250B82-DEF5-4403-93DF-5C594A412805}"
EndProject
Project("{9A19103F-16F7-4668-BE54-9A1E7A4F7556}") = "Admin.Api", "src\Modules\Admin.Api\Admin.Api.csproj", "{4E9B175B-B688-4D78-B3F6-81EF2463612C}"
EndProject
Project("{9A19103F-16F7-4668-BE54-9A1E7A4F7556}") = "UptimeWeb", "src\UptimeWeb\UptimeWeb.csproj", "{F8E7DDF7-7EA1-42E1-934D-23ED7FCD8439}"
EndProject
Project("{2150E333-8FDC-42A3-9474-1A3956D46DE8}") = "test", "test", "{EA0CE480-1EE0-4A9C-8642-819C50C19813}"
EndProject
Project("{9A19103F-16F7-4668-BE54-9A1E7A4F7556}") = "Uptime.Mvc", "src\Core\Uptime.Mvc\Uptime.Mvc.csproj", "{4667F6EF-6739-4C38-9297-58928C9B2E1A}"
EndProject
Project("{9A19103F-16F7-4668-BE54-9A1E7A4F7556}") = "Users.Security", "src\Core\Users.Security\Users.Security.csproj", "{8C05C833-33B3-401D-AB07-2B2EC422B13D}"
EndProject
Project("{9A19103F-16F7-4668-BE54-9A1E7A4F7556}") = "Uptime.Plugin", "src\Modules\Uptime.Plugin\Uptime.Plugin.csproj", "{89E6440D-3231-4DE3-B3BF-CEF359BDDC4A}"
EndProject
Project("{9A19103F-16F7-4668-BE54-9A1E7A4F7556}") = "Users", "src\Modules\Users\Users.csproj", "{5A704B90-9FE9-421A-A007-5E4880E62170}"
EndProject
Project("{9A19103F-16F7-4668-BE54-9A1E7A4F7556}") = "Uptime.Data", "src\Core\Uptime.Data\Uptime.Data.csproj", "{BBDE3C1B-E363-462B-AEB9-C93AF872F655}"
EndProject
Project("{2150E333-8FDC-42A3-9474-1A3956D46DE8}") = "Monitoring", "Monitoring", "{A58072D1-2DD6-420E-91AD-F6F96B528F26}"
EndProject
Project("{9A19103F-16F7-4668-BE54-9A1E7A4F7556}") = "Uptime.Monitoring.Data", "src\Monitoring\Uptime.Monitoring.Data\Uptime.Monitoring.Data.csproj", "{D1721794-AA4B-499B-8F55-AE2691617614}"
EndProject
Project("{9A19103F-16F7-4668-BE54-9A1E7A4F7556}") = "Uptime.Data.Models", "src\Core\Uptime.Data.Models\Uptime.Data.Models.csproj", "{3E5474D2-E5E0-49BB-B25E-EE7DF355698E}"
EndProject
Project("{9A19103F-16F7-4668-BE54-9A1E7A4F7556}") = "Uptime.Events", "src\Core\Uptime.Events\Uptime.Events.csproj", "{B9860224-4A58-4DAC-A5AB-2ADBEC31E222}"
EndProject
Project("{9A19103F-16F7-4668-BE54-9A1E7A4F7556}") = "Uptime.Monitoring.Cassandra", "src\Monitoring\Uptime.Monitoring.Cassandra\Uptime.Monitoring.Cassandra.csproj", "{B8CD5D57-3832-4ACB-B9EB-9BEF9C109672}"
EndProject
Project("{9A19103F-16F7-4668-BE54-9A1E7A4F7556}") = "OrchardCore.Override", "src\Core\OrchardCore.Override\OrchardCore.Override.csproj", "{D7B3B21C-81A2-41C7-A72F-79A371E29C2C}"
EndProject
Project("{2150E333-8FDC-42A3-9474-1A3956D46DE8}") = "Solution Items", "Solution Items", "{EDA1867E-BD7F-4924-A2ED-E87AAB8BDAC0}"
	ProjectSection(SolutionItems) = preProject
		global.json = global.json
	EndProjectSection
EndProject
Project("{9A19103F-16F7-4668-BE54-9A1E7A4F7556}") = "Uptime.Extensions", "src\Common\Extensions\Uptime.Extensions.csproj", "{A97A206D-3178-413D-870F-46A6E5D9FA1A}"
EndProject
Project("{FAE04EC0-301F-11D3-BF4B-00C04F79EFBC}") = "TestApp", "test\TestApp\TestApp.csproj", "{2A9B9F02-E0D6-4861-BFE6-8C76EC387BBE}"
EndProject
Project("{9A19103F-16F7-4668-BE54-9A1E7A4F7556}") = "Messaging", "src\Common\Messaging\Messaging.csproj", "{2D111501-53B3-4185-81FC-ADC13FEC2D1B}"
EndProject
Project("{9A19103F-16F7-4668-BE54-9A1E7A4F7556}") = "Uptime.Monitoring.Model", "src\Monitoring\Uptime.Monitoring.Model\Uptime.Monitoring.Model.csproj", "{DDA90403-1DE4-4B59-AB60-439AD51E9898}"
EndProject
Project("{9A19103F-16F7-4668-BE54-9A1E7A4F7556}") = "Uptime.Schedule", "src\Common\Uptime.Schedule\Uptime.Schedule.csproj", "{CA9E91EE-BE34-4DAE-BCF8-8B5F55246876}"
EndProject
Project("{2150E333-8FDC-42A3-9474-1A3956D46DE8}") = "Authority", "Authority", "{D290799B-6B17-48BA-B554-9CA22ABF846B}"
EndProject
Project("{9A19103F-16F7-4668-BE54-9A1E7A4F7556}") = "Reliablesite.Authority", "src\Authority\Reliablesite.Authority\Reliablesite.Authority.csproj", "{3C6C65E7-9483-4FFF-A931-CE4724F301E4}"
EndProject
Project("{9A19103F-16F7-4668-BE54-9A1E7A4F7556}") = "Reliablesite.Authority.Client", "src\Authority\Reliablesite.Authority.Client\Reliablesite.Authority.Client.csproj", "{F71DF1F7-EB9D-4C00-ACC0-E8EC7BDFA1DE}"
	ProjectSection(ProjectDependencies) = postProject
		{3C6C65E7-9483-4FFF-A931-CE4724F301E4} = {3C6C65E7-9483-4FFF-A931-CE4724F301E4}
	EndProjectSection
EndProject
Project("{9A19103F-16F7-4668-BE54-9A1E7A4F7556}") = "Reliablesite.Authority.Authentication", "src\Authority\Reliablesite.Authority.Authentication\Reliablesite.Authority.Authentication.csproj", "{687935E8-A458-4653-85EC-864E19E90266}"
EndProject
Project("{9A19103F-16F7-4668-BE54-9A1E7A4F7556}") = "Reliablesite.Authority.Model", "src\Authority\Reliablesite.Authority.Model\Reliablesite.Authority.Model.csproj", "{5592CA37-9F8C-486E-A19C-DBA9349BEF63}"
EndProject
Project("{2150E333-8FDC-42A3-9474-1A3956D46DE8}") = "Notifications", "Notifications", "{3FB04EF4-B2A2-4EE1-86B2-C6CCD74F6F5E}"
EndProject
Project("{9A19103F-16F7-4668-BE54-9A1E7A4F7556}") = "Uptime.Notifications.Model", "src\Notifications\Uptime.Notifications.Model\Uptime.Notifications.Model.csproj", "{7B8B6FBE-7A66-4ACB-9B8F-941A35E959FA}"
EndProject
Project("{9A19103F-16F7-4668-BE54-9A1E7A4F7556}") = "Reliablesite.Service.Core", "src\Common\Reliablesite.Service.Core\Reliablesite.Service.Core.csproj", "{FA670BBF-029D-4E6E-A476-6F4D3CB582E3}"
EndProject
Project("{9A19103F-16F7-4668-BE54-9A1E7A4F7556}") = "Reliablesite.Service.Model", "src\Common\Reliablesite.Service.Model\Reliablesite.Service.Model.csproj", "{497A9E3A-FC43-4055-BB1B-18B079D0DD4B}"
EndProject
Project("{FAE04EC0-301F-11D3-BF4B-00C04F79EFBC}") = "Reliablesite.SqlXmlRepository", "src\Common\Reliablesite.SqlXmlRepository\Reliablesite.SqlXmlRepository.csproj", "{978CFF0E-11B0-4773-B5DD-3482FAD7416B}"
EndProject
Global
	GlobalSection(SolutionConfigurationPlatforms) = preSolution
		Debug|Any CPU = Debug|Any CPU
		Release|Any CPU = Release|Any CPU
	EndGlobalSection
	GlobalSection(ProjectConfigurationPlatforms) = postSolution
		{B5C9183B-AADB-4304-A444-15178476386C}.Debug|Any CPU.ActiveCfg = Debug|Any CPU
		{B5C9183B-AADB-4304-A444-15178476386C}.Debug|Any CPU.Build.0 = Debug|Any CPU
		{B5C9183B-AADB-4304-A444-15178476386C}.Release|Any CPU.ActiveCfg = Release|Any CPU
		{B5C9183B-AADB-4304-A444-15178476386C}.Release|Any CPU.Build.0 = Release|Any CPU
		{DB512571-FEE0-4EE0-81ED-4A75C5943193}.Debug|Any CPU.ActiveCfg = Debug|Any CPU
		{DB512571-FEE0-4EE0-81ED-4A75C5943193}.Debug|Any CPU.Build.0 = Debug|Any CPU
		{DB512571-FEE0-4EE0-81ED-4A75C5943193}.Release|Any CPU.ActiveCfg = Release|Any CPU
		{DB512571-FEE0-4EE0-81ED-4A75C5943193}.Release|Any CPU.Build.0 = Release|Any CPU
		{C6250B82-DEF5-4403-93DF-5C594A412805}.Debug|Any CPU.ActiveCfg = Debug|Any CPU
		{C6250B82-DEF5-4403-93DF-5C594A412805}.Debug|Any CPU.Build.0 = Debug|Any CPU
		{C6250B82-DEF5-4403-93DF-5C594A412805}.Release|Any CPU.ActiveCfg = Release|Any CPU
		{C6250B82-DEF5-4403-93DF-5C594A412805}.Release|Any CPU.Build.0 = Release|Any CPU
		{4E9B175B-B688-4D78-B3F6-81EF2463612C}.Debug|Any CPU.ActiveCfg = Debug|Any CPU
		{4E9B175B-B688-4D78-B3F6-81EF2463612C}.Debug|Any CPU.Build.0 = Debug|Any CPU
		{4E9B175B-B688-4D78-B3F6-81EF2463612C}.Release|Any CPU.ActiveCfg = Release|Any CPU
		{4E9B175B-B688-4D78-B3F6-81EF2463612C}.Release|Any CPU.Build.0 = Release|Any CPU
		{F8E7DDF7-7EA1-42E1-934D-23ED7FCD8439}.Debug|Any CPU.ActiveCfg = Debug|Any CPU
		{F8E7DDF7-7EA1-42E1-934D-23ED7FCD8439}.Debug|Any CPU.Build.0 = Debug|Any CPU
		{F8E7DDF7-7EA1-42E1-934D-23ED7FCD8439}.Release|Any CPU.ActiveCfg = Release|Any CPU
		{F8E7DDF7-7EA1-42E1-934D-23ED7FCD8439}.Release|Any CPU.Build.0 = Release|Any CPU
		{4667F6EF-6739-4C38-9297-58928C9B2E1A}.Debug|Any CPU.ActiveCfg = Debug|Any CPU
		{4667F6EF-6739-4C38-9297-58928C9B2E1A}.Debug|Any CPU.Build.0 = Debug|Any CPU
		{4667F6EF-6739-4C38-9297-58928C9B2E1A}.Release|Any CPU.ActiveCfg = Release|Any CPU
		{4667F6EF-6739-4C38-9297-58928C9B2E1A}.Release|Any CPU.Build.0 = Release|Any CPU
		{8C05C833-33B3-401D-AB07-2B2EC422B13D}.Debug|Any CPU.ActiveCfg = Debug|Any CPU
		{8C05C833-33B3-401D-AB07-2B2EC422B13D}.Debug|Any CPU.Build.0 = Debug|Any CPU
		{8C05C833-33B3-401D-AB07-2B2EC422B13D}.Release|Any CPU.ActiveCfg = Release|Any CPU
		{8C05C833-33B3-401D-AB07-2B2EC422B13D}.Release|Any CPU.Build.0 = Release|Any CPU
		{89E6440D-3231-4DE3-B3BF-CEF359BDDC4A}.Debug|Any CPU.ActiveCfg = Debug|Any CPU
		{89E6440D-3231-4DE3-B3BF-CEF359BDDC4A}.Debug|Any CPU.Build.0 = Debug|Any CPU
		{89E6440D-3231-4DE3-B3BF-CEF359BDDC4A}.Release|Any CPU.ActiveCfg = Release|Any CPU
		{89E6440D-3231-4DE3-B3BF-CEF359BDDC4A}.Release|Any CPU.Build.0 = Release|Any CPU
		{5A704B90-9FE9-421A-A007-5E4880E62170}.Debug|Any CPU.ActiveCfg = Debug|Any CPU
		{5A704B90-9FE9-421A-A007-5E4880E62170}.Debug|Any CPU.Build.0 = Debug|Any CPU
		{5A704B90-9FE9-421A-A007-5E4880E62170}.Release|Any CPU.ActiveCfg = Release|Any CPU
		{5A704B90-9FE9-421A-A007-5E4880E62170}.Release|Any CPU.Build.0 = Release|Any CPU
		{BBDE3C1B-E363-462B-AEB9-C93AF872F655}.Debug|Any CPU.ActiveCfg = Debug|Any CPU
		{BBDE3C1B-E363-462B-AEB9-C93AF872F655}.Debug|Any CPU.Build.0 = Debug|Any CPU
		{BBDE3C1B-E363-462B-AEB9-C93AF872F655}.Release|Any CPU.ActiveCfg = Release|Any CPU
		{BBDE3C1B-E363-462B-AEB9-C93AF872F655}.Release|Any CPU.Build.0 = Release|Any CPU
		{D1721794-AA4B-499B-8F55-AE2691617614}.Debug|Any CPU.ActiveCfg = Debug|Any CPU
		{D1721794-AA4B-499B-8F55-AE2691617614}.Debug|Any CPU.Build.0 = Debug|Any CPU
		{D1721794-AA4B-499B-8F55-AE2691617614}.Release|Any CPU.ActiveCfg = Release|Any CPU
		{D1721794-AA4B-499B-8F55-AE2691617614}.Release|Any CPU.Build.0 = Release|Any CPU
		{3E5474D2-E5E0-49BB-B25E-EE7DF355698E}.Debug|Any CPU.ActiveCfg = Debug|Any CPU
		{3E5474D2-E5E0-49BB-B25E-EE7DF355698E}.Debug|Any CPU.Build.0 = Debug|Any CPU
		{3E5474D2-E5E0-49BB-B25E-EE7DF355698E}.Release|Any CPU.ActiveCfg = Release|Any CPU
		{3E5474D2-E5E0-49BB-B25E-EE7DF355698E}.Release|Any CPU.Build.0 = Release|Any CPU
		{B9860224-4A58-4DAC-A5AB-2ADBEC31E222}.Debug|Any CPU.ActiveCfg = Debug|Any CPU
		{B9860224-4A58-4DAC-A5AB-2ADBEC31E222}.Debug|Any CPU.Build.0 = Debug|Any CPU
		{B9860224-4A58-4DAC-A5AB-2ADBEC31E222}.Release|Any CPU.ActiveCfg = Release|Any CPU
		{B9860224-4A58-4DAC-A5AB-2ADBEC31E222}.Release|Any CPU.Build.0 = Release|Any CPU
		{B8CD5D57-3832-4ACB-B9EB-9BEF9C109672}.Debug|Any CPU.ActiveCfg = Debug|Any CPU
		{B8CD5D57-3832-4ACB-B9EB-9BEF9C109672}.Debug|Any CPU.Build.0 = Debug|Any CPU
		{B8CD5D57-3832-4ACB-B9EB-9BEF9C109672}.Release|Any CPU.ActiveCfg = Release|Any CPU
		{B8CD5D57-3832-4ACB-B9EB-9BEF9C109672}.Release|Any CPU.Build.0 = Release|Any CPU
		{D7B3B21C-81A2-41C7-A72F-79A371E29C2C}.Debug|Any CPU.ActiveCfg = Debug|Any CPU
		{D7B3B21C-81A2-41C7-A72F-79A371E29C2C}.Debug|Any CPU.Build.0 = Debug|Any CPU
		{D7B3B21C-81A2-41C7-A72F-79A371E29C2C}.Release|Any CPU.ActiveCfg = Release|Any CPU
		{D7B3B21C-81A2-41C7-A72F-79A371E29C2C}.Release|Any CPU.Build.0 = Release|Any CPU
		{A97A206D-3178-413D-870F-46A6E5D9FA1A}.Debug|Any CPU.ActiveCfg = Debug|Any CPU
		{A97A206D-3178-413D-870F-46A6E5D9FA1A}.Debug|Any CPU.Build.0 = Debug|Any CPU
		{A97A206D-3178-413D-870F-46A6E5D9FA1A}.Release|Any CPU.ActiveCfg = Release|Any CPU
		{A97A206D-3178-413D-870F-46A6E5D9FA1A}.Release|Any CPU.Build.0 = Release|Any CPU
		{2A9B9F02-E0D6-4861-BFE6-8C76EC387BBE}.Debug|Any CPU.ActiveCfg = Debug|Any CPU
		{2A9B9F02-E0D6-4861-BFE6-8C76EC387BBE}.Debug|Any CPU.Build.0 = Debug|Any CPU
		{2A9B9F02-E0D6-4861-BFE6-8C76EC387BBE}.Release|Any CPU.ActiveCfg = Release|Any CPU
		{2A9B9F02-E0D6-4861-BFE6-8C76EC387BBE}.Release|Any CPU.Build.0 = Release|Any CPU
		{2D111501-53B3-4185-81FC-ADC13FEC2D1B}.Debug|Any CPU.ActiveCfg = Debug|Any CPU
		{2D111501-53B3-4185-81FC-ADC13FEC2D1B}.Debug|Any CPU.Build.0 = Debug|Any CPU
		{2D111501-53B3-4185-81FC-ADC13FEC2D1B}.Release|Any CPU.ActiveCfg = Release|Any CPU
		{2D111501-53B3-4185-81FC-ADC13FEC2D1B}.Release|Any CPU.Build.0 = Release|Any CPU
		{DDA90403-1DE4-4B59-AB60-439AD51E9898}.Debug|Any CPU.ActiveCfg = Debug|Any CPU
		{DDA90403-1DE4-4B59-AB60-439AD51E9898}.Debug|Any CPU.Build.0 = Debug|Any CPU
		{DDA90403-1DE4-4B59-AB60-439AD51E9898}.Release|Any CPU.ActiveCfg = Release|Any CPU
		{DDA90403-1DE4-4B59-AB60-439AD51E9898}.Release|Any CPU.Build.0 = Release|Any CPU
		{CA9E91EE-BE34-4DAE-BCF8-8B5F55246876}.Debug|Any CPU.ActiveCfg = Debug|Any CPU
		{CA9E91EE-BE34-4DAE-BCF8-8B5F55246876}.Debug|Any CPU.Build.0 = Debug|Any CPU
		{CA9E91EE-BE34-4DAE-BCF8-8B5F55246876}.Release|Any CPU.ActiveCfg = Release|Any CPU
		{CA9E91EE-BE34-4DAE-BCF8-8B5F55246876}.Release|Any CPU.Build.0 = Release|Any CPU
		{3C6C65E7-9483-4FFF-A931-CE4724F301E4}.Debug|Any CPU.ActiveCfg = Debug|Any CPU
		{3C6C65E7-9483-4FFF-A931-CE4724F301E4}.Debug|Any CPU.Build.0 = Debug|Any CPU
		{3C6C65E7-9483-4FFF-A931-CE4724F301E4}.Release|Any CPU.ActiveCfg = Release|Any CPU
		{3C6C65E7-9483-4FFF-A931-CE4724F301E4}.Release|Any CPU.Build.0 = Release|Any CPU
		{F71DF1F7-EB9D-4C00-ACC0-E8EC7BDFA1DE}.Debug|Any CPU.ActiveCfg = Debug|Any CPU
		{F71DF1F7-EB9D-4C00-ACC0-E8EC7BDFA1DE}.Debug|Any CPU.Build.0 = Debug|Any CPU
		{F71DF1F7-EB9D-4C00-ACC0-E8EC7BDFA1DE}.Release|Any CPU.ActiveCfg = Release|Any CPU
		{F71DF1F7-EB9D-4C00-ACC0-E8EC7BDFA1DE}.Release|Any CPU.Build.0 = Release|Any CPU
		{687935E8-A458-4653-85EC-864E19E90266}.Debug|Any CPU.ActiveCfg = Debug|Any CPU
		{687935E8-A458-4653-85EC-864E19E90266}.Debug|Any CPU.Build.0 = Debug|Any CPU
		{687935E8-A458-4653-85EC-864E19E90266}.Release|Any CPU.ActiveCfg = Release|Any CPU
		{687935E8-A458-4653-85EC-864E19E90266}.Release|Any CPU.Build.0 = Release|Any CPU
		{5592CA37-9F8C-486E-A19C-DBA9349BEF63}.Debug|Any CPU.ActiveCfg = Debug|Any CPU
		{5592CA37-9F8C-486E-A19C-DBA9349BEF63}.Debug|Any CPU.Build.0 = Debug|Any CPU
		{5592CA37-9F8C-486E-A19C-DBA9349BEF63}.Release|Any CPU.ActiveCfg = Release|Any CPU
		{5592CA37-9F8C-486E-A19C-DBA9349BEF63}.Release|Any CPU.Build.0 = Release|Any CPU
		{7B8B6FBE-7A66-4ACB-9B8F-941A35E959FA}.Debug|Any CPU.ActiveCfg = Debug|Any CPU
		{7B8B6FBE-7A66-4ACB-9B8F-941A35E959FA}.Debug|Any CPU.Build.0 = Debug|Any CPU
		{7B8B6FBE-7A66-4ACB-9B8F-941A35E959FA}.Release|Any CPU.ActiveCfg = Release|Any CPU
		{7B8B6FBE-7A66-4ACB-9B8F-941A35E959FA}.Release|Any CPU.Build.0 = Release|Any CPU
		{FA670BBF-029D-4E6E-A476-6F4D3CB582E3}.Debug|Any CPU.ActiveCfg = Debug|Any CPU
		{FA670BBF-029D-4E6E-A476-6F4D3CB582E3}.Debug|Any CPU.Build.0 = Debug|Any CPU
		{FA670BBF-029D-4E6E-A476-6F4D3CB582E3}.Release|Any CPU.ActiveCfg = Release|Any CPU
		{FA670BBF-029D-4E6E-A476-6F4D3CB582E3}.Release|Any CPU.Build.0 = Release|Any CPU
		{497A9E3A-FC43-4055-BB1B-18B079D0DD4B}.Debug|Any CPU.ActiveCfg = Debug|Any CPU
		{497A9E3A-FC43-4055-BB1B-18B079D0DD4B}.Debug|Any CPU.Build.0 = Debug|Any CPU
		{497A9E3A-FC43-4055-BB1B-18B079D0DD4B}.Release|Any CPU.ActiveCfg = Release|Any CPU
		{497A9E3A-FC43-4055-BB1B-18B079D0DD4B}.Release|Any CPU.Build.0 = Release|Any CPU
		{978CFF0E-11B0-4773-B5DD-3482FAD7416B}.Debug|Any CPU.ActiveCfg = Debug|Any CPU
		{978CFF0E-11B0-4773-B5DD-3482FAD7416B}.Debug|Any CPU.Build.0 = Debug|Any CPU
		{978CFF0E-11B0-4773-B5DD-3482FAD7416B}.Release|Any CPU.ActiveCfg = Release|Any CPU
		{978CFF0E-11B0-4773-B5DD-3482FAD7416B}.Release|Any CPU.Build.0 = Release|Any CPU
	EndGlobalSection
	GlobalSection(SolutionProperties) = preSolution
		HideSolutionNode = FALSE
	EndGlobalSection
	GlobalSection(NestedProjects) = preSolution
		{EEA56A95-B188-4C3B-9A2B-DBA85DFCCFD6} = {4D21ABB8-74CA-4E7E-AB80-06BA0AF3DE7E}
		{3F63A978-76BD-4291-AAE3-119DACC92F7A} = {4D21ABB8-74CA-4E7E-AB80-06BA0AF3DE7E}
		{4CB9C839-4ADE-48CD-946F-23CA74C3A040} = {4D21ABB8-74CA-4E7E-AB80-06BA0AF3DE7E}
		{50D9C78C-F5AD-448C-96C0-0B448E2FF139} = {4D21ABB8-74CA-4E7E-AB80-06BA0AF3DE7E}
		{B5C9183B-AADB-4304-A444-15178476386C} = {4CB9C839-4ADE-48CD-946F-23CA74C3A040}
		{DB512571-FEE0-4EE0-81ED-4A75C5943193} = {3F63A978-76BD-4291-AAE3-119DACC92F7A}
		{C6250B82-DEF5-4403-93DF-5C594A412805} = {EEA56A95-B188-4C3B-9A2B-DBA85DFCCFD6}
		{4E9B175B-B688-4D78-B3F6-81EF2463612C} = {EEA56A95-B188-4C3B-9A2B-DBA85DFCCFD6}
		{F8E7DDF7-7EA1-42E1-934D-23ED7FCD8439} = {4D21ABB8-74CA-4E7E-AB80-06BA0AF3DE7E}
		{4667F6EF-6739-4C38-9297-58928C9B2E1A} = {50D9C78C-F5AD-448C-96C0-0B448E2FF139}
		{8C05C833-33B3-401D-AB07-2B2EC422B13D} = {50D9C78C-F5AD-448C-96C0-0B448E2FF139}
		{89E6440D-3231-4DE3-B3BF-CEF359BDDC4A} = {EEA56A95-B188-4C3B-9A2B-DBA85DFCCFD6}
		{5A704B90-9FE9-421A-A007-5E4880E62170} = {EEA56A95-B188-4C3B-9A2B-DBA85DFCCFD6}
		{BBDE3C1B-E363-462B-AEB9-C93AF872F655} = {50D9C78C-F5AD-448C-96C0-0B448E2FF139}
		{A58072D1-2DD6-420E-91AD-F6F96B528F26} = {4D21ABB8-74CA-4E7E-AB80-06BA0AF3DE7E}
		{D1721794-AA4B-499B-8F55-AE2691617614} = {A58072D1-2DD6-420E-91AD-F6F96B528F26}
		{3E5474D2-E5E0-49BB-B25E-EE7DF355698E} = {50D9C78C-F5AD-448C-96C0-0B448E2FF139}
		{B9860224-4A58-4DAC-A5AB-2ADBEC31E222} = {50D9C78C-F5AD-448C-96C0-0B448E2FF139}
		{B8CD5D57-3832-4ACB-B9EB-9BEF9C109672} = {A58072D1-2DD6-420E-91AD-F6F96B528F26}
		{D7B3B21C-81A2-41C7-A72F-79A371E29C2C} = {50D9C78C-F5AD-448C-96C0-0B448E2FF139}
		{A97A206D-3178-413D-870F-46A6E5D9FA1A} = {3F63A978-76BD-4291-AAE3-119DACC92F7A}
		{2A9B9F02-E0D6-4861-BFE6-8C76EC387BBE} = {EA0CE480-1EE0-4A9C-8642-819C50C19813}
		{2D111501-53B3-4185-81FC-ADC13FEC2D1B} = {3F63A978-76BD-4291-AAE3-119DACC92F7A}
		{DDA90403-1DE4-4B59-AB60-439AD51E9898} = {A58072D1-2DD6-420E-91AD-F6F96B528F26}
		{CA9E91EE-BE34-4DAE-BCF8-8B5F55246876} = {3F63A978-76BD-4291-AAE3-119DACC92F7A}
		{D290799B-6B17-48BA-B554-9CA22ABF846B} = {4D21ABB8-74CA-4E7E-AB80-06BA0AF3DE7E}
		{3C6C65E7-9483-4FFF-A931-CE4724F301E4} = {D290799B-6B17-48BA-B554-9CA22ABF846B}
		{F71DF1F7-EB9D-4C00-ACC0-E8EC7BDFA1DE} = {D290799B-6B17-48BA-B554-9CA22ABF846B}
		{687935E8-A458-4653-85EC-864E19E90266} = {D290799B-6B17-48BA-B554-9CA22ABF846B}
		{5592CA37-9F8C-486E-A19C-DBA9349BEF63} = {D290799B-6B17-48BA-B554-9CA22ABF846B}
		{3FB04EF4-B2A2-4EE1-86B2-C6CCD74F6F5E} = {4D21ABB8-74CA-4E7E-AB80-06BA0AF3DE7E}
		{7B8B6FBE-7A66-4ACB-9B8F-941A35E959FA} = {3FB04EF4-B2A2-4EE1-86B2-C6CCD74F6F5E}
		{FA670BBF-029D-4E6E-A476-6F4D3CB582E3} = {3F63A978-76BD-4291-AAE3-119DACC92F7A}
		{497A9E3A-FC43-4055-BB1B-18B079D0DD4B} = {3F63A978-76BD-4291-AAE3-119DACC92F7A}
		{978CFF0E-11B0-4773-B5DD-3482FAD7416B} = {3F63A978-76BD-4291-AAE3-119DACC92F7A}
	EndGlobalSection
	GlobalSection(ExtensibilityGlobals) = postSolution
		SolutionGuid = {708267B9-B158-404E-891C-3B5414EDAB14}
	EndGlobalSection
EndGlobal
